// !$*UTF8*$!
{
	archiveVersion = 1;
	classes = {
	};
	objectVersion = 46;
	objects = {

/* Begin PBXBuildFile section */
		B44F9AD81EC1F534002F74F4 /* main.m in Sources */ = {isa = PBXBuildFile; fileRef = B44F9AD71EC1F534002F74F4 /* main.m */; };
		B44F9ADB1EC1F534002F74F4 /* AppDelegate.m in Sources */ = {isa = PBXBuildFile; fileRef = B44F9ADA1EC1F534002F74F4 /* AppDelegate.m */; };
		B44F9ADE1EC1F534002F74F4 /* ViewController.m in Sources */ = {isa = PBXBuildFile; fileRef = B44F9ADD1EC1F534002F74F4 /* ViewController.m */; };
		B44F9AE11EC1F534002F74F4 /* Main.storyboard in Resources */ = {isa = PBXBuildFile; fileRef = B44F9ADF1EC1F534002F74F4 /* Main.storyboard */; };
		B44F9AE31EC1F534002F74F4 /* Assets.xcassets in Resources */ = {isa = PBXBuildFile; fileRef = B44F9AE21EC1F534002F74F4 /* Assets.xcassets */; };
		B44F9AE61EC1F534002F74F4 /* LaunchScreen.storyboard in Resources */ = {isa = PBXBuildFile; fileRef = B44F9AE41EC1F534002F74F4 /* LaunchScreen.storyboard */; };
		B44F9AF11EC1F534002F74F4 /* GradientColorTests.m in Sources */ = {isa = PBXBuildFile; fileRef = B44F9AF01EC1F534002F74F4 /* GradientColorTests.m */; };
		B44F9AFC1EC1F534002F74F4 /* GradientColorUITests.m in Sources */ = {isa = PBXBuildFile; fileRef = B44F9AFB1EC1F534002F74F4 /* GradientColorUITests.m */; };
		B44F9B0B1EC1F68E002F74F4 /* UIColor+Hex.m in Sources */ = {isa = PBXBuildFile; fileRef = B44F9B0A1EC1F68E002F74F4 /* UIColor+Hex.m */; };
/* End PBXBuildFile section */

/* Begin PBXContainerItemProxy section */
		B44F9AED1EC1F534002F74F4 /* PBXContainerItemProxy */ = {
			isa = PBXContainerItemProxy;
			containerPortal = B44F9ACB1EC1F534002F74F4 /* Project object */;
			proxyType = 1;
			remoteGlobalIDString = B44F9AD21EC1F534002F74F4;
			remoteInfo = GradientColor;
		};
		B44F9AF81EC1F534002F74F4 /* PBXContainerItemProxy */ = {
			isa = PBXContainerItemProxy;
			containerPortal = B44F9ACB1EC1F534002F74F4 /* Project object */;
			proxyType = 1;
			remoteGlobalIDString = B44F9AD21EC1F534002F74F4;
			remoteInfo = GradientColor;
		};
/* End PBXContainerItemProxy section */

/* Begin PBXFileReference section */
		B44F9AD31EC1F534002F74F4 /* GradientColor.app */ = {isa = PBXFileReference; explicitFileType = wrapper.application; includeInIndex = 0; path = GradientColor.app; sourceTree = BUILT_PRODUCTS_DIR; };
		B44F9AD71EC1F534002F74F4 /* main.m */ = {isa = PBXFileReference; lastKnownFileType = sourcecode.c.objc; path = main.m; sourceTree = "<group>"; };
		B44F9AD91EC1F534002F74F4 /* AppDelegate.h */ = {isa = PBXFileReference; lastKnownFileType = sourcecode.c.h; path = AppDelegate.h; sourceTree = "<group>"; };
		B44F9ADA1EC1F534002F74F4 /* AppDelegate.m */ = {isa = PBXFileReference; lastKnownFileType = sourcecode.c.objc; path = AppDelegate.m; sourceTree = "<group>"; };
		B44F9ADC1EC1F534002F74F4 /* ViewController.h */ = {isa = PBXFileReference; lastKnownFileType = sourcecode.c.h; path = ViewController.h; sourceTree = "<group>"; };
		B44F9ADD1EC1F534002F74F4 /* ViewController.m */ = {isa = PBXFileReference; lastKnownFileType = sourcecode.c.objc; path = ViewController.m; sourceTree = "<group>"; };
		B44F9AE01EC1F534002F74F4 /* Base */ = {isa = PBXFileReference; lastKnownFileType = file.storyboard; name = Base; path = Base.lproj/Main.storyboard; sourceTree = "<group>"; };
		B44F9AE21EC1F534002F74F4 /* Assets.xcassets */ = {isa = PBXFileReference; lastKnownFileType = folder.assetcatalog; path = Assets.xcassets; sourceTree = "<group>"; };
		B44F9AE51EC1F534002F74F4 /* Base */ = {isa = PBXFileReference; lastKnownFileType = file.storyboard; name = Base; path = Base.lproj/LaunchScreen.storyboard; sourceTree = "<group>"; };
		B44F9AE71EC1F534002F74F4 /* Info.plist */ = {isa = PBXFileReference; lastKnownFileType = text.plist.xml; path = Info.plist; sourceTree = "<group>"; };
		B44F9AEC1EC1F534002F74F4 /* GradientColorTests.xctest */ = {isa = PBXFileReference; explicitFileType = wrapper.cfbundle; includeInIndex = 0; path = GradientColorTests.xctest; sourceTree = BUILT_PRODUCTS_DIR; };
		B44F9AF01EC1F534002F74F4 /* GradientColorTests.m */ = {isa = PBXFileReference; lastKnownFileType = sourcecode.c.objc; path = GradientColorTests.m; sourceTree = "<group>"; };
		B44F9AF21EC1F534002F74F4 /* Info.plist */ = {isa = PBXFileReference; lastKnownFileType = text.plist.xml; path = Info.plist; sourceTree = "<group>"; };
		B44F9AF71EC1F534002F74F4 /* GradientColorUITests.xctest */ = {isa = PBXFileReference; explicitFileType = wrapper.cfbundle; includeInIndex = 0; path = GradientColorUITests.xctest; sourceTree = BUILT_PRODUCTS_DIR; };
		B44F9AFB1EC1F534002F74F4 /* GradientColorUITests.m */ = {isa = PBXFileReference; lastKnownFileType = sourcecode.c.objc; path = GradientColorUITests.m; sourceTree = "<group>"; };
		B44F9AFD1EC1F534002F74F4 /* Info.plist */ = {isa = PBXFileReference; lastKnownFileType = text.plist.xml; path = Info.plist; sourceTree = "<group>"; };
		B44F9B091EC1F68E002F74F4 /* UIColor+Hex.h */ = {isa = PBXFileReference; fileEncoding = 4; lastKnownFileType = sourcecode.c.h; path = "UIColor+Hex.h"; sourceTree = "<group>"; };
		B44F9B0A1EC1F68E002F74F4 /* UIColor+Hex.m */ = {isa = PBXFileReference; fileEncoding = 4; lastKnownFileType = sourcecode.c.objc; path = "UIColor+Hex.m"; sourceTree = "<group>"; };
/* End PBXFileReference section */

/* Begin PBXFrameworksBuildPhase section */
		B44F9AD01EC1F534002F74F4 /* Frameworks */ = {
			isa = PBXFrameworksBuildPhase;
			buildActionMask = 2147483647;
			files = (
			);
			runOnlyForDeploymentPostprocessing = 0;
		};
		B44F9AE91EC1F534002F74F4 /* Frameworks */ = {
			isa = PBXFrameworksBuildPhase;
			buildActionMask = 2147483647;
			files = (
			);
			runOnlyForDeploymentPostprocessing = 0;
		};
		B44F9AF41EC1F534002F74F4 /* Frameworks */ = {
			isa = PBXFrameworksBuildPhase;
			buildActionMask = 2147483647;
			files = (
			);
			runOnlyForDeploymentPostprocessing = 0;
		};
/* End PBXFrameworksBuildPhase section */

/* Begin PBXGroup section */
		B44F9ACA1EC1F534002F74F4 = {
			isa = PBXGroup;
			children = (
				B44F9AD51EC1F534002F74F4 /* GradientColor */,
				B44F9AEF1EC1F534002F74F4 /* GradientColorTests */,
				B44F9AFA1EC1F534002F74F4 /* GradientColorUITests */,
				B44F9AD41EC1F534002F74F4 /* Products */,
			);
			sourceTree = "<group>";
		};
		B44F9AD41EC1F534002F74F4 /* Products */ = {
			isa = PBXGroup;
			children = (
				B44F9AD31EC1F534002F74F4 /* GradientColor.app */,
				B44F9AEC1EC1F534002F74F4 /* GradientColorTests.xctest */,
				B44F9AF71EC1F534002F74F4 /* GradientColorUITests.xctest */,
			);
			name = Products;
			sourceTree = "<group>";
		};
		B44F9AD51EC1F534002F74F4 /* GradientColor */ = {
			isa = PBXGroup;
			children = (
				B44F9AD91EC1F534002F74F4 /* AppDelegate.h */,
				B44F9ADA1EC1F534002F74F4 /* AppDelegate.m */,
				B44F9ADC1EC1F534002F74F4 /* ViewController.h */,
				B44F9ADD1EC1F534002F74F4 /* ViewController.m */,
				B44F9ADF1EC1F534002F74F4 /* Main.storyboard */,
				B44F9AE21EC1F534002F74F4 /* Assets.xcassets */,
				B44F9AE41EC1F534002F74F4 /* LaunchScreen.storyboard */,
				B44F9AE71EC1F534002F74F4 /* Info.plist */,
				B44F9AD61EC1F534002F74F4 /* Supporting Files */,
				B44F9B091EC1F68E002F74F4 /* UIColor+Hex.h */,
				B44F9B0A1EC1F68E002F74F4 /* UIColor+Hex.m */,
			);
			path = GradientColor;
			sourceTree = "<group>";
		};
		B44F9AD61EC1F534002F74F4 /* Supporting Files */ = {
			isa = PBXGroup;
			children = (
				B44F9AD71EC1F534002F74F4 /* main.m */,
			);
			name = "Supporting Files";
			sourceTree = "<group>";
		};
		B44F9AEF1EC1F534002F74F4 /* GradientColorTests */ = {
			isa = PBXGroup;
			children = (
				B44F9AF01EC1F534002F74F4 /* GradientColorTests.m */,
				B44F9AF21EC1F534002F74F4 /* Info.plist */,
			);
			path = GradientColorTests;
			sourceTree = "<group>";
		};
		B44F9AFA1EC1F534002F74F4 /* GradientColorUITests */ = {
			isa = PBXGroup;
			children = (
				B44F9AFB1EC1F534002F74F4 /* GradientColorUITests.m */,
				B44F9AFD1EC1F534002F74F4 /* Info.plist */,
			);
			path = GradientColorUITests;
			sourceTree = "<group>";
		};
/* End PBXGroup section */

/* Begin PBXNativeTarget section */
		B44F9AD21EC1F534002F74F4 /* GradientColor */ = {
			isa = PBXNativeTarget;
			buildConfigurationList = B44F9B001EC1F534002F74F4 /* Build configuration list for PBXNativeTarget "GradientColor" */;
			buildPhases = (
				B44F9ACF1EC1F534002F74F4 /* Sources */,
				B44F9AD01EC1F534002F74F4 /* Frameworks */,
				B44F9AD11EC1F534002F74F4 /* Resources */,
			);
			buildRules = (
			);
			dependencies = (
			);
			name = GradientColor;
			productName = GradientColor;
			productReference = B44F9AD31EC1F534002F74F4 /* GradientColor.app */;
			productType = "com.apple.product-type.application";
		};
		B44F9AEB1EC1F534002F74F4 /* GradientColorTests */ = {
			isa = PBXNativeTarget;
			buildConfigurationList = B44F9B031EC1F534002F74F4 /* Build configuration list for PBXNativeTarget "GradientColorTests" */;
			buildPhases = (
				B44F9AE81EC1F534002F74F4 /* Sources */,
				B44F9AE91EC1F534002F74F4 /* Frameworks */,
				B44F9AEA1EC1F534002F74F4 /* Resources */,
			);
			buildRules = (
			);
			dependencies = (
				B44F9AEE1EC1F534002F74F4 /* PBXTargetDependency */,
			);
			name = GradientColorTests;
			productName = GradientColorTests;
			productReference = B44F9AEC1EC1F534002F74F4 /* GradientColorTests.xctest */;
			productType = "com.apple.product-type.bundle.unit-test";
		};
		B44F9AF61EC1F534002F74F4 /* GradientColorUITests */ = {
			isa = PBXNativeTarget;
			buildConfigurationList = B44F9B061EC1F534002F74F4 /* Build configuration list for PBXNativeTarget "GradientColorUITests" */;
			buildPhases = (
				B44F9AF31EC1F534002F74F4 /* Sources */,
				B44F9AF41EC1F534002F74F4 /* Frameworks */,
				B44F9AF51EC1F534002F74F4 /* Resources */,
			);
			buildRules = (
			);
			dependencies = (
				B44F9AF91EC1F534002F74F4 /* PBXTargetDependency */,
			);
			name = GradientColorUITests;
			productName = GradientColorUITests;
			productReference = B44F9AF71EC1F534002F74F4 /* GradientColorUITests.xctest */;
			productType = "com.apple.product-type.bundle.ui-testing";
		};
/* End PBXNativeTarget section */

/* Begin PBXProject section */
		B44F9ACB1EC1F534002F74F4 /* Project object */ = {
			isa = PBXProject;
			attributes = {
				LastUpgradeCheck = 0830;
				ORGANIZATIONNAME = "王宇翔";
				TargetAttributes = {
					B44F9AD21EC1F534002F74F4 = {
						CreatedOnToolsVersion = 8.3.2;
						DevelopmentTeam = GRMYRHBN3E;
						ProvisioningStyle = Automatic;
					};
					B44F9AEB1EC1F534002F74F4 = {
						CreatedOnToolsVersion = 8.3.2;
						DevelopmentTeam = GRMYRHBN3E;
						ProvisioningStyle = Automatic;
						TestTargetID = B44F9AD21EC1F534002F74F4;
					};
					B44F9AF61EC1F534002F74F4 = {
						CreatedOnToolsVersion = 8.3.2;
						DevelopmentTeam = GRMYRHBN3E;
						ProvisioningStyle = Automatic;
						TestTargetID = B44F9AD21EC1F534002F74F4;
					};
				};
			};
			buildConfigurationList = B44F9ACE1EC1F534002F74F4 /* Build configuration list for PBXProject "GradientColor" */;
			compatibilityVersion = "Xcode 3.2";
			developmentRegion = English;
			hasScannedForEncodings = 0;
			knownRegions = (
				en,
				Base,
			);
			mainGroup = B44F9ACA1EC1F534002F74F4;
			productRefGroup = B44F9AD41EC1F534002F74F4 /* Products */;
			projectDirPath = "";
			projectRoot = "";
			targets = (
				B44F9AD21EC1F534002F74F4 /* GradientColor */,
				B44F9AEB1EC1F534002F74F4 /* GradientColorTests */,
				B44F9AF61EC1F534002F74F4 /* GradientColorUITests */,
			);
		};
/* End PBXProject section */

/* Begin PBXResourcesBuildPhase section */
		B44F9AD11EC1F534002F74F4 /* Resources */ = {
			isa = PBXResourcesBuildPhase;
			buildActionMask = 2147483647;
			files = (
				B44F9AE61EC1F534002F74F4 /* LaunchScreen.storyboard in Resources */,
				B44F9AE31EC1F534002F74F4 /* Assets.xcassets in Resources */,
				B44F9AE11EC1F534002F74F4 /* Main.storyboard in Resources */,
			);
			runOnlyForDeploymentPostprocessing = 0;
		};
		B44F9AEA1EC1F534002F74F4 /* Resources */ = {
			isa = PBXResourcesBuildPhase;
			buildActionMask = 2147483647;
			files = (
			);
			runOnlyForDeploymentPostprocessing = 0;
		};
		B44F9AF51EC1F534002F74F4 /* Resources */ = {
			isa = PBXResourcesBuildPhase;
			buildActionMask = 2147483647;
			files = (
			);
			runOnlyForDeploymentPostprocessing = 0;
		};
/* End PBXResourcesBuildPhase section */

/* Begin PBXSourcesBuildPhase section */
		B44F9ACF1EC1F534002F74F4 /* Sources */ = {
			isa = PBXSourcesBuildPhase;
			buildActionMask = 2147483647;
			files = (
				B44F9ADE1EC1F534002F74F4 /* ViewController.m in Sources */,
				B44F9B0B1EC1F68E002F74F4 /* UIColor+Hex.m in Sources */,
				B44F9ADB1EC1F534002F74F4 /* AppDelegate.m in Sources */,
				B44F9AD81EC1F534002F74F4 /* main.m in Sources */,
			);
			runOnlyForDeploymentPostprocessing = 0;
		};
		B44F9AE81EC1F534002F74F4 /* Sources */ = {
			isa = PBXSourcesBuildPhase;
			buildActionMask = 2147483647;
			files = (
				B44F9AF11EC1F534002F74F4 /* GradientColorTests.m in Sources */,
			);
			runOnlyForDeploymentPostprocessing = 0;
		};
		B44F9AF31EC1F534002F74F4 /* Sources */ = {
			isa = PBXSourcesBuildPhase;
			buildActionMask = 2147483647;
			files = (
				B44F9AFC1EC1F534002F74F4 /* GradientColorUITests.m in Sources */,
			);
			runOnlyForDeploymentPostprocessing = 0;
		};
/* End PBXSourcesBuildPhase section */

/* Begin PBXTargetDependency section */
		B44F9AEE1EC1F534002F74F4 /* PBXTargetDependency */ = {
			isa = PBXTargetDependency;
			target = B44F9AD21EC1F534002F74F4 /* GradientColor */;
			targetProxy = B44F9AED1EC1F534002F74F4 /* PBXContainerItemProxy */;
		};
		B44F9AF91EC1F534002F74F4 /* PBXTargetDependency */ = {
			isa = PBXTargetDependency;
			target = B44F9AD21EC1F534002F74F4 /* GradientColor */;
			targetProxy = B44F9AF81EC1F534002F74F4 /* PBXContainerItemProxy */;
		};
/* End PBXTargetDependency section */

/* Begin PBXVariantGroup section */
		B44F9ADF1EC1F534002F74F4 /* Main.storyboard */ = {
			isa = PBXVariantGroup;
			children = (
				B44F9AE01EC1F534002F74F4 /* Base */,
			);
			name = Main.storyboard;
			sourceTree = "<group>";
		};
		B44F9AE41EC1F534002F74F4 /* LaunchScreen.storyboard */ = {
			isa = PBXVariantGroup;
			children = (
				B44F9AE51EC1F534002F74F4 /* Base */,
			);
			name = LaunchScreen.storyboard;
			sourceTree = "<group>";
		};
/* End PBXVariantGroup section */

/* Begin XCBuildConfiguration section */
		B44F9AFE1EC1F534002F74F4 /* Debug */ = {
			isa = XCBuildConfiguration;
			buildSettings = {
				ALWAYS_SEARCH_USER_PATHS = NO;
				CLANG_ANALYZER_NONNULL = YES;
				CLANG_ANALYZER_NUMBER_OBJECT_CONVERSION = YES_AGGRESSIVE;
				CLANG_CXX_LANGUAGE_STANDARD = "gnu++0x";
				CLANG_CXX_LIBRARY = "libc++";
				CLANG_ENABLE_MODULES = YES;
				CLANG_ENABLE_OBJC_ARC = YES;
				CLANG_WARN_BOOL_CONVERSION = YES;
				CLANG_WARN_CONSTANT_CONVERSION = YES;
				CLANG_WARN_DIRECT_OBJC_ISA_USAGE = YES_ERROR;
				CLANG_WARN_DOCUMENTATION_COMMENTS = YES;
				CLANG_WARN_EMPTY_BODY = YES;
				CLANG_WARN_ENUM_CONVERSION = YES;
				CLANG_WARN_INFINITE_RECURSION = YES;
				CLANG_WARN_INT_CONVERSION = YES;
				CLANG_WARN_OBJC_ROOT_CLASS = YES_ERROR;
				CLANG_WARN_SUSPICIOUS_MOVE = YES;
				CLANG_WARN_UNREACHABLE_CODE = YES;
				CLANG_WARN__DUPLICATE_METHOD_MATCH = YES;
				"CODE_SIGN_IDENTITY[sdk=iphoneos*]" = "iPhone Developer";
				COPY_PHASE_STRIP = NO;
				DEBUG_INFORMATION_FORMAT = dwarf;
				ENABLE_STRICT_OBJC_MSGSEND = YES;
				ENABLE_TESTABILITY = YES;
				GCC_C_LANGUAGE_STANDARD = gnu99;
				GCC_DYNAMIC_NO_PIC = NO;
				GCC_NO_COMMON_BLOCKS = YES;
				GCC_OPTIMIZATION_LEVEL = 0;
				GCC_PREPROCESSOR_DEFINITIONS = (
					"DEBUG=1",
					"$(inherited)",
				);
				GCC_WARN_64_TO_32_BIT_CONVERSION = YES;
				GCC_WARN_ABOUT_RETURN_TYPE = YES_ERROR;
				GCC_WARN_UNDECLARED_SELECTOR = YES;
				GCC_WARN_UNINITIALIZED_AUTOS = YES_AGGRESSIVE;
				GCC_WARN_UNUSED_FUNCTION = YES;
				GCC_WARN_UNUSED_VARIABLE = YES;
				IPHONEOS_DEPLOYMENT_TARGET = 10.3;
				MTL_ENABLE_DEBUG_INFO = YES;
				ONLY_ACTIVE_ARCH = YES;
				SDKROOT = iphoneos;
				TARGETED_DEVICE_FAMILY = "1,2";
			};
			name = Debug;
		};
		B44F9AFF1EC1F534002F74F4 /* Release */ = {
			isa = XCBuildConfiguration;
			buildSettings = {
				ALWAYS_SEARCH_USER_PATHS = NO;
				CLANG_ANALYZER_NONNULL = YES;
				CLANG_ANALYZER_NUMBER_OBJECT_CONVERSION = YES_AGGRESSIVE;
				CLANG_CXX_LANGUAGE_STANDARD = "gnu++0x";
				CLANG_CXX_LIBRARY = "libc++";
				CLANG_ENABLE_MODULES = YES;
				CLANG_ENABLE_OBJC_ARC = YES;
				CLANG_WARN_BOOL_CONVERSION = YES;
				CLANG_WARN_CONSTANT_CONVERSION = YES;
				CLANG_WARN_DIRECT_OBJC_ISA_USAGE = YES_ERROR;
				CLANG_WARN_DOCUMENTATION_COMMENTS = YES;
				CLANG_WARN_EMPTY_BODY = YES;
				CLANG_WARN_ENUM_CONVERSION = YES;
				CLANG_WARN_INFINITE_RECURSION = YES;
				CLANG_WARN_INT_CONVERSION = YES;
				CLANG_WARN_OBJC_ROOT_CLASS = YES_ERROR;
				CLANG_WARN_SUSPICIOUS_MOVE = YES;
				CLANG_WARN_UNREACHABLE_CODE = YES;
				CLANG_WARN__DUPLICATE_METHOD_MATCH = YES;
				"CODE_SIGN_IDENTITY[sdk=iphoneos*]" = "iPhone Developer";
				COPY_PHASE_STRIP = NO;
				DEBUG_INFORMATION_FORMAT = "dwarf-with-dsym";
				ENABLE_NS_ASSERTIONS = NO;
				ENABLE_STRICT_OBJC_MSGSEND = YES;
				GCC_C_LANGUAGE_STANDARD = gnu99;
				GCC_NO_COMMON_BLOCKS = YES;
				GCC_WARN_64_TO_32_BIT_CONVERSION = YES;
				GCC_WARN_ABOUT_RETURN_TYPE = YES_ERROR;
				GCC_WARN_UNDECLARED_SELECTOR = YES;
				GCC_WARN_UNINITIALIZED_AUTOS = YES_AGGRESSIVE;
				GCC_WARN_UNUSED_FUNCTION = YES;
				GCC_WARN_UNUSED_VARIABLE = YES;
				IPHONEOS_DEPLOYMENT_TARGET = 10.3;
				MTL_ENABLE_DEBUG_INFO = NO;
				SDKROOT = iphoneos;
				TARGETED_DEVICE_FAMILY = "1,2";
				VALIDATE_PRODUCT = YES;
			};
			name = Release;
		};
		B44F9B011EC1F534002F74F4 /* Debug */ = {
			isa = XCBuildConfiguration;
			buildSettings = {
				ASSETCATALOG_COMPILER_APPICON_NAME = AppIcon;
				DEVELOPMENT_TEAM = GRMYRHBN3E;
				INFOPLIST_FILE = GradientColor/Info.plist;
				LD_RUNPATH_SEARCH_PATHS = "$(inherited) @executable_path/Frameworks";
				PRODUCT_BUNDLE_IDENTIFIER = wangyuxiang.GradientColor;
				PRODUCT_NAME = "$(TARGET_NAME)";
			};
			name = Debug;
		};
		B44F9B021EC1F534002F74F4 /* Release */ = {
			isa = XCBuildConfiguration;
			buildSettings = {
				ASSETCATALOG_COMPILER_APPICON_NAME = AppIcon;
				DEVELOPMENT_TEAM = GRMYRHBN3E;
				INFOPLIST_FILE = GradientColor/Info.plist;
				LD_RUNPATH_SEARCH_PATHS = "$(inherited) @executable_path/Frameworks";
				PRODUCT_BUNDLE_IDENTIFIER = wangyuxiang.GradientColor;
				PRODUCT_NAME = "$(TARGET_NAME)";
			};
			name = Release;
		};
		B44F9B041EC1F534002F74F4 /* Debug */ = {
			isa = XCBuildConfiguration;
			buildSettings = {
				BUNDLE_LOADER = "$(TEST_HOST)";
				DEVELOPMENT_TEAM = GRMYRHBN3E;
				INFOPLIST_FILE = GradientColorTests/Info.plist;
				LD_RUNPATH_SEARCH_PATHS = "$(inherited) @executable_path/Frameworks @loader_path/Frameworks";
				PRODUCT_BUNDLE_IDENTIFIER = wangyuxiang.GradientColorTests;
				PRODUCT_NAME = "$(TARGET_NAME)";
				TEST_HOST = "$(BUILT_PRODUCTS_DIR)/GradientColor.app/GradientColor";
			};
			name = Debug;
		};
		B44F9B051EC1F534002F74F4 /* Release */ = {
			isa = XCBuildConfiguration;
			buildSettings = {
				BUNDLE_LOADER = "$(TEST_HOST)";
				DEVELOPMENT_TEAM = GRMYRHBN3E;
				INFOPLIST_FILE = GradientColorTests/Info.plist;
				LD_RUNPATH_SEARCH_PATHS = "$(inherited) @executable_path/Frameworks @loader_path/Frameworks";
				PRODUCT_BUNDLE_IDENTIFIER = wangyuxiang.GradientColorTests;
				PRODUCT_NAME = "$(TARGET_NAME)";
				TEST_HOST = "$(BUILT_PRODUCTS_DIR)/GradientColor.app/GradientColor";
			};
			name = Release;
		};
		B44F9B071EC1F534002F74F4 /* Debug */ = {
			isa = XCBuildConfiguration;
			buildSettings = {
				DEVELOPMENT_TEAM = GRMYRHBN3E;
				INFOPLIST_FILE = GradientColorUITests/Info.plist;
				LD_RUNPATH_SEARCH_PATHS = "$(inherited) @executable_path/Frameworks @loader_path/Frameworks";
				PRODUCT_BUNDLE_IDENTIFIER = wangyuxiang.GradientColorUITests;
				PRODUCT_NAME = "$(TARGET_NAME)";
				TEST_TARGET_NAME = GradientColor;
			};
			name = Debug;
		};
		B44F9B081EC1F534002F74F4 /* Release */ = {
			isa = XCBuildConfiguration;
			buildSettings = {
				DEVELOPMENT_TEAM = GRMYRHBN3E;
				INFOPLIST_FILE = GradientColorUITests/Info.plist;
				LD_RUNPATH_SEARCH_PATHS = "$(inherited) @executable_path/Frameworks @loader_path/Frameworks";
				PRODUCT_BUNDLE_IDENTIFIER = wangyuxiang.GradientColorUITests;
				PRODUCT_NAME = "$(TARGET_NAME)";
				TEST_TARGET_NAME = GradientColor;
			};
			name = Release;
		};
/* End XCBuildConfiguration section */

/* Begin XCConfigurationList section */
		B44F9ACE1EC1F534002F74F4 /* Build configuration list for PBXProject "GradientColor" */ = {
			isa = XCConfigurationList;
			buildConfigurations = (
				B44F9AFE1EC1F534002F74F4 /* Debug */,
				B44F9AFF1EC1F534002F74F4 /* Release */,
			);
			defaultConfigurationIsVisible = 0;
			defaultConfigurationName = Release;
		};
		B44F9B001EC1F534002F74F4 /* Build configuration list for PBXNativeTarget "GradientColor" */ = {
			isa = XCConfigurationList;
			buildConfigurations = (
				B44F9B011EC1F534002F74F4 /* Debug */,
				B44F9B021EC1F534002F74F4 /* Release */,
			);
			defaultConfigurationIsVisible = 0;
		};
		B44F9B031EC1F534002F74F4 /* Build configuration list for PBXNativeTarget "GradientColorTests" */ = {
			isa = XCConfigurationList;
			buildConfigurations = (
				B44F9B041EC1F534002F74F4 /* Debug */,
				B44F9B051EC1F534002F74F4 /* Release */,
			);
			defaultConfigurationIsVisible = 0;
		};
		B44F9B061EC1F534002F74F4 /* Build configuration list for PBXNativeTarget "GradientColorUITests" */ = {
			isa = XCConfigurationList;
			buildConfigurations = (
				B44F9B071EC1F534002F74F4 /* Debug */,
				B44F9B081EC1F534002F74F4 /* Release */,
			);
			defaultConfigurationIsVisible = 0;
		};
/* End XCConfigurationList section */
	};
	rootObject = B44F9ACB1EC1F534002F74F4 /* Project object */;
}
